PackratFormat: 1.4
PackratVersion: 0.4.8.1
RVersion: 3.1.2
Repos: BioCsoft=http://bioconductor.org/packages/3.0/bioc,
    BioCann=http://bioconductor.org/packages/3.0/data/annotation,
    BioCexp=http://bioconductor.org/packages/3.0/data/experiment,
    BioCextra=http://bioconductor.org/packages/3.0/extra,
    CRAN=http://cran.fhcrc.org

Package: BBmisc
Source: CRAN
Version: 1.9
Hash: 0f4232b1208da9b625c1412c6ff328e6
Requires: checkmate

Package: BatchJobs
Source: CRAN
Version: 1.6
Hash: 408fbd27762a92e1597f1a5f306fa248
Requires: BBmisc, DBI, RSQLite, brew, checkmate, digest, fail,
    sendmailR, stringr

Package: Biobase
Source: Bioconductor
Version: 2.26.0
Hash: 052270e6a16b790215dd793a21332d2f
Requires: BiocGenerics

Package: BiocGenerics
Source: Bioconductor
Version: 0.12.1
Hash: 66eca2a5c116727704a4159644eeeb19

Package: BiocParallel
Source: Bioconductor
Version: 1.0.3
Hash: 0a63f550b574d4741a35b709bce9e688
Requires: BBmisc, BatchJobs, BiocGenerics, foreach

Package: Biostrings
Source: Bioconductor
Version: 2.34.1
Hash: 8fdd7fa2f6d305b986046762930e35b4
Requires: BiocGenerics, IRanges, S4Vectors, XVector, zlibbioc

Package: DBI
Source: CRAN
Version: 0.3.1
Hash: 096699d1ac1cf530acfc646a0c90ee5d

Package: GenomeInfoDb
Source: Bioconductor
Version: 1.2.5
Hash: 621c6de689b024e527d00ac968918dc3
Requires: BiocGenerics, IRanges, S4Vectors

Package: GenomicAlignments
Source: Bioconductor
Version: 1.2.2
Hash: e8396c5a0a8ce4bb266a63563d2669e6
Requires: BiocGenerics, BiocParallel, Biostrings, GenomeInfoDb,
    GenomicRanges, IRanges, Rsamtools, S4Vectors

Package: GenomicRanges
Source: Bioconductor
Version: 1.18.4
Hash: 045bb3db3dd35d3ca308a5b8d6d2790d
Requires: BiocGenerics, GenomeInfoDb, IRanges, S4Vectors, XVector

Package: IRanges
Source: Bioconductor
Version: 2.0.1
Hash: 8f7fe715a59b8257a8d634d2e94f539b
Requires: BiocGenerics, S4Vectors

Package: RColorBrewer
Source: CRAN
Version: 1.1-2
Hash: c0d56cd15034f395874c870141870c25

Package: RSQLite
Source: CRAN
Version: 1.0.0
Hash: 3df52a54766f420d257debad962146c0
Requires: DBI

Package: Rsamtools
Source: Bioconductor
Version: 1.18.3
Hash: 7a77d332e88f5f6fa83cc76ab094f55b
Requires: BiocGenerics, Biostrings, GenomeInfoDb, GenomicRanges,
    IRanges, S4Vectors, XVector, bitops, zlibbioc

Package: S4Vectors
Source: Bioconductor
Version: 0.4.0
Hash: 5ea8f85e7a96649f9ca48aef8a8a2b1d
Requires: BiocGenerics

Package: ShortRead
Source: Bioconductor
Version: 1.24.0
Hash: 1a60d2561f39132df6b9fc38282c9af0
Requires: Biobase, BiocGenerics, BiocParallel, Biostrings,
    GenomeInfoDb, GenomicAlignments, GenomicRanges, IRanges, Rsamtools,
    S4Vectors, XVector, hwriter, latticeExtra, zlibbioc

Package: XVector
Source: Bioconductor
Version: 0.6.0
Hash: 51a94c4e88618b65dcd584f6aaaf9f52
Requires: BiocGenerics, IRanges, S4Vectors

Package: ade4
Source: CRAN
Version: 1.7-2
Hash: ee92220862cc17107023ce4ca4d5a1f7

Package: base64enc
Source: CRAN
Version: 0.1-2
Hash: df66773c6ea9cad0beb6dc3e33e3e3e1

Package: bitops
Source: CRAN
Version: 1.0-6
Hash: 67d0775189fd0041d95abca618c5c07e

Package: brew
Source: CRAN
Version: 1.0-6
Hash: 931f9972deae0f205e1c78a51f33149b

Package: checkmate
Source: CRAN
Version: 1.5.2
Hash: bcf4e3898ad7773cd37c11344d0a588a

Package: data.table
Source: CRAN
Version: 1.8.8
Hash: 014338fba4ad15c4002dfdda11f6b021

Package: digest
Source: CRAN
Version: 0.6.8
Hash: de202f956596a476d09304e3a2ebf1e5

Package: fail
Source: CRAN
Version: 1.2
Hash: 435ee793c83f7461d5663c5fcdca77c8
Requires: BBmisc

Package: foreach
Source: CRAN
Version: 1.4.2
Hash: c306afbbf5cc2608170bc7205bf58bea
Requires: iterators

Package: hwriter
Source: CRAN
Version: 1.3.2
Hash: 4c36a3e4a7471fdc3d5ee75b5188c37d

Package: iterators
Source: CRAN
Version: 1.0.7
Hash: 5b4df529141f993389b8fb24d56fe531

Package: latticeExtra
Source: CRAN
Version: 0.6-26
Hash: 07a60e9d5b59ddac85b9c26cd81867ca
Requires: RColorBrewer

Package: magrittr
Source: CRAN
Version: 1.5
Hash: bdc4d48c3135e8f3b399536ddf160df4

Package: packrat
Source: CRAN
Version: 0.4.8-1
Hash: 6ad605ba7b4b476d84be6632393f5765

Package: sendmailR
Source: CRAN
Version: 1.2-1
Hash: 26561ceb5871f3983b40c2bfdf90ed09
Requires: base64enc

Package: seqinr
Source: CRAN
Version: 3.1-3
Hash: 3721ca51ca92e32d21c2fc3affedf0e9
Requires: ade4

Package: stringi
Source: CRAN
Version: 0.4-1
Hash: 5f5be3e0eaf1ce0228196e80c47b0ab3

Package: stringr
Source: CRAN
Version: 1.0.0
Hash: 2676dd5f88890910962b733b0f9540e1
Requires: magrittr, stringi

Package: zlibbioc
Source: Bioconductor
Version: 1.12.0
Hash: af2655105acc7bd9864578ce40c129d5
